
Microsoft Visual Studio Solution File, Format Version 12.00
# Visual Studio 2013
VisualStudioVersion = 12.0.21005.1
MinimumVisualStudioVersion = 10.0.40219.1
Project("{8BC9CEB8-8B4A-11D0-8D11-00A0C91BC942}") = "DirContentViewerLib", "DirContentViewerLib\DirContentViewerLib.vcxproj", "{5250DF5E-D752-4AF9-86F7-FED101CB95BA}"
EndProject
Project("{8BC9CEB8-8B4A-11D0-8D11-00A0C91BC942}") = "DirContentViewerApp", "DirContentViewerApp\DirContentViewerApp.vcxproj", "{17FB3B82-4BEE-47E0-A348-B9F5AEDD7BF9}"
EndProject
Global
	GlobalSection(SolutionConfigurationPlatforms) = preSolution
		Debug|Win32 = Debug|Win32
		Debug|x64 = Debug|x64
		Release|Win32 = Release|Win32
		Release|x64 = Release|x64
	EndGlobalSection
	GlobalSection(ProjectConfigurationPlatforms) = postSolution
		{5250DF5E-D752-4AF9-86F7-FED101CB95BA}.Debug|Win32.ActiveCfg = Debug|Win32
		{5250DF5E-D752-4AF9-86F7-FED101CB95BA}.Debug|Win32.Build.0 = Debug|Win32
		{5250DF5E-D752-4AF9-86F7-FED101CB95BA}.Debug|x64.ActiveCfg = Debug|x64
		{5250DF5E-D752-4AF9-86F7-FED101CB95BA}.Debug|x64.Build.0 = Debug|x64
		{5250DF5E-D752-4AF9-86F7-FED101CB95BA}.Release|Win32.ActiveCfg = Release|Win32
		{5250DF5E-D752-4AF9-86F7-FED101CB95BA}.Release|Win32.Build.0 = Release|Win32
		{5250DF5E-D752-4AF9-86F7-FED101CB95BA}.Release|x64.ActiveCfg = Release|Win32
		{17FB3B82-4BEE-47E0-A348-B9F5AEDD7BF9}.Debug|Win32.ActiveCfg = Debug|Win32
		{17FB3B82-4BEE-47E0-A348-B9F5AEDD7BF9}.Debug|Win32.Build.0 = Debug|Win32
		{17FB3B82-4BEE-47E0-A348-B9F5AEDD7BF9}.Debug|x64.ActiveCfg = Debug|x64
		{17FB3B82-4BEE-47E0-A348-B9F5AEDD7BF9}.Debug|x64.Build.0 = Debug|x64
		{17FB3B82-4BEE-47E0-A348-B9F5AEDD7BF9}.Release|Win32.ActiveCfg = Release|Win32
		{17FB3B82-4BEE-47E0-A348-B9F5AEDD7BF9}.Release|Win32.Build.0 = Release|Win32
		{17FB3B82-4BEE-47E0-A348-B9F5AEDD7BF9}.Release|x64.ActiveCfg = Release|x64
		{17FB3B82-4BEE-47E0-A348-B9F5AEDD7BF9}.Release|x64.Build.0 = Release|x64
	EndGlobalSection
	GlobalSection(SolutionProperties) = preSolution
		HideSolutionNode = FALSE
	EndGlobalSection
EndGlobal
